
Microsoft Visual Studio Solution File, Format Version 12.00
# Visual Studio Version 17
VisualStudioVersion = 17.3.32519.111
MinimumVisualStudioVersion = 10.0.40219.1
Project("{9A19103F-16F7-4668-BE54-9A1E7A4F7556}") = "BilibiliAPI", "BiliBiliAccount\BilibiliAPI.csproj", "{7ECBB351-CC99-4E2B-A5DC-0947F1DD7792}"
EndProject
Project("{9A19103F-16F7-4668-BE54-9A1E7A4F7556}") = "BiliBiliAPI.GUI(弃用)", "BiliBiliAPI.GUI\BiliBiliAPI.GUI(弃用).csproj", "{702FB0BB-0BC9-4552-9C5B-BE934AB0089A}"
EndProject
Project("{9A19103F-16F7-4668-BE54-9A1E7A4F7556}") = "BiliBiliAPI.Models", "BiliBiliAPI.Models\BiliBiliAPI.Models.csproj", "{ADDA3AA5-2F39-41B7-94A6-30C8810D92D0}"
EndProject
Project("{9A19103F-16F7-4668-BE54-9A1E7A4F7556}") = "BiliBili.WinUI3", "BiliBili.WinUI3\BiliBili.WinUI3.csproj", "{55EFE9B6-BC7B-4386-8762-A1816CDE4AC5}"
EndProject
Global
	GlobalSection(SolutionConfigurationPlatforms) = preSolution
		Debug|Any CPU = Debug|Any CPU
		Debug|arm64 = Debug|arm64
		Debug|x64 = Debug|x64
		Debug|x86 = Debug|x86
		Release|Any CPU = Release|Any CPU
		Release|arm64 = Release|arm64
		Release|x64 = Release|x64
		Release|x86 = Release|x86
	EndGlobalSection
	GlobalSection(ProjectConfigurationPlatforms) = postSolution
		{7ECBB351-CC99-4E2B-A5DC-0947F1DD7792}.Debug|Any CPU.ActiveCfg = Debug|Any CPU
		{7ECBB351-CC99-4E2B-A5DC-0947F1DD7792}.Debug|Any CPU.Build.0 = Debug|Any CPU
		{7ECBB351-CC99-4E2B-A5DC-0947F1DD7792}.Debug|arm64.ActiveCfg = Debug|Any CPU
		{7ECBB351-CC99-4E2B-A5DC-0947F1DD7792}.Debug|arm64.Build.0 = Debug|Any CPU
		{7ECBB351-CC99-4E2B-A5DC-0947F1DD7792}.Debug|x64.ActiveCfg = Debug|Any CPU
		{7ECBB351-CC99-4E2B-A5DC-0947F1DD7792}.Debug|x64.Build.0 = Debug|Any CPU
		{7ECBB351-CC99-4E2B-A5DC-0947F1DD7792}.Debug|x86.ActiveCfg = Debug|Any CPU
		{7ECBB351-CC99-4E2B-A5DC-0947F1DD7792}.Debug|x86.Build.0 = Debug|Any CPU
		{7ECBB351-CC99-4E2B-A5DC-0947F1DD7792}.Release|Any CPU.ActiveCfg = Release|Any CPU
		{7ECBB351-CC99-4E2B-A5DC-0947F1DD7792}.Release|Any CPU.Build.0 = Release|Any CPU
		{7ECBB351-CC99-4E2B-A5DC-0947F1DD7792}.Release|arm64.ActiveCfg = Release|Any CPU
		{7ECBB351-CC99-4E2B-A5DC-0947F1DD7792}.Release|arm64.Build.0 = Release|Any CPU
		{7ECBB351-CC99-4E2B-A5DC-0947F1DD7792}.Release|x64.ActiveCfg = Release|Any CPU
		{7ECBB351-CC99-4E2B-A5DC-0947F1DD7792}.Release|x64.Build.0 = Release|Any CPU
		{7ECBB351-CC99-4E2B-A5DC-0947F1DD7792}.Release|x86.ActiveCfg = Release|Any CPU
		{7ECBB351-CC99-4E2B-A5DC-0947F1DD7792}.Release|x86.Build.0 = Release|Any CPU
		{702FB0BB-0BC9-4552-9C5B-BE934AB0089A}.Debug|Any CPU.ActiveCfg = Debug|Any CPU
		{702FB0BB-0BC9-4552-9C5B-BE934AB0089A}.Debug|Any CPU.Build.0 = Debug|Any CPU
		{702FB0BB-0BC9-4552-9C5B-BE934AB0089A}.Debug|arm64.ActiveCfg = Debug|Any CPU
		{702FB0BB-0BC9-4552-9C5B-BE934AB0089A}.Debug|arm64.Build.0 = Debug|Any CPU
		{702FB0BB-0BC9-4552-9C5B-BE934AB0089A}.Debug|x64.ActiveCfg = Debug|Any CPU
		{702FB0BB-0BC9-4552-9C5B-BE934AB0089A}.Debug|x64.Build.0 = Debug|Any CPU
		{702FB0BB-0BC9-4552-9C5B-BE934AB0089A}.Debug|x86.ActiveCfg = Debug|Any CPU
		{702FB0BB-0BC9-4552-9C5B-BE934AB0089A}.Debug|x86.Build.0 = Debug|Any CPU
		{702FB0BB-0BC9-4552-9C5B-BE934AB0089A}.Release|Any CPU.ActiveCfg = Release|Any CPU
		{702FB0BB-0BC9-4552-9C5B-BE934AB0089A}.Release|Any CPU.Build.0 = Release|Any CPU
		{702FB0BB-0BC9-4552-9C5B-BE934AB0089A}.Release|arm64.ActiveCfg = Release|Any CPU
		{702FB0BB-0BC9-4552-9C5B-BE934AB0089A}.Release|arm64.Build.0 = Release|Any CPU
		{702FB0BB-0BC9-4552-9C5B-BE934AB0089A}.Release|x64.ActiveCfg = Release|Any CPU
		{702FB0BB-0BC9-4552-9C5B-BE934AB0089A}.Release|x64.Build.0 = Release|Any CPU
		{702FB0BB-0BC9-4552-9C5B-BE934AB0089A}.Release|x86.ActiveCfg = Release|Any CPU
		{702FB0BB-0BC9-4552-9C5B-BE934AB0089A}.Release|x86.Build.0 = Release|Any CPU
		{ADDA3AA5-2F39-41B7-94A6-30C8810D92D0}.Debug|Any CPU.ActiveCfg = Debug|Any CPU
		{ADDA3AA5-2F39-41B7-94A6-30C8810D92D0}.Debug|Any CPU.Build.0 = Debug|Any CPU
		{ADDA3AA5-2F39-41B7-94A6-30C8810D92D0}.Debug|arm64.ActiveCfg = Debug|Any CPU
		{ADDA3AA5-2F39-41B7-94A6-30C8810D92D0}.Debug|arm64.Build.0 = Debug|Any CPU
		{ADDA3AA5-2F39-41B7-94A6-30C8810D92D0}.Debug|x64.ActiveCfg = Debug|Any CPU
		{ADDA3AA5-2F39-41B7-94A6-30C8810D92D0}.Debug|x64.Build.0 = Debug|Any CPU
		{ADDA3AA5-2F39-41B7-94A6-30C8810D92D0}.Debug|x86.ActiveCfg = Debug|Any CPU
		{ADDA3AA5-2F39-41B7-94A6-30C8810D92D0}.Debug|x86.Build.0 = Debug|Any CPU
		{ADDA3AA5-2F39-41B7-94A6-30C8810D92D0}.Release|Any CPU.ActiveCfg = Release|Any CPU
		{ADDA3AA5-2F39-41B7-94A6-30C8810D92D0}.Release|Any CPU.Build.0 = Release|Any CPU
		{ADDA3AA5-2F39-41B7-94A6-30C8810D92D0}.Release|arm64.ActiveCfg = Release|Any CPU
		{ADDA3AA5-2F39-41B7-94A6-30C8810D92D0}.Release|arm64.Build.0 = Release|Any CPU
		{ADDA3AA5-2F39-41B7-94A6-30C8810D92D0}.Release|x64.ActiveCfg = Release|Any CPU
		{ADDA3AA5-2F39-41B7-94A6-30C8810D92D0}.Release|x64.Build.0 = Release|Any CPU
		{ADDA3AA5-2F39-41B7-94A6-30C8810D92D0}.Release|x86.ActiveCfg = Release|Any CPU
		{ADDA3AA5-2F39-41B7-94A6-30C8810D92D0}.Release|x86.Build.0 = Release|Any CPU
		{55EFE9B6-BC7B-4386-8762-A1816CDE4AC5}.Debug|Any CPU.ActiveCfg = Debug|x64
		{55EFE9B6-BC7B-4386-8762-A1816CDE4AC5}.Debug|Any CPU.Build.0 = Debug|x64
		{55EFE9B6-BC7B-4386-8762-A1816CDE4AC5}.Debug|Any CPU.Deploy.0 = Debug|x64
		{55EFE9B6-BC7B-4386-8762-A1816CDE4AC5}.Debug|arm64.ActiveCfg = Debug|arm64
		{55EFE9B6-BC7B-4386-8762-A1816CDE4AC5}.Debug|arm64.Build.0 = Debug|arm64
		{55EFE9B6-BC7B-4386-8762-A1816CDE4AC5}.Debug|arm64.Deploy.0 = Debug|arm64
		{55EFE9B6-BC7B-4386-8762-A1816CDE4AC5}.Debug|x64.ActiveCfg = Debug|x64
		{55EFE9B6-BC7B-4386-8762-A1816CDE4AC5}.Debug|x64.Build.0 = Debug|x64
		{55EFE9B6-BC7B-4386-8762-A1816CDE4AC5}.Debug|x64.Deploy.0 = Debug|x64
		{55EFE9B6-BC7B-4386-8762-A1816CDE4AC5}.Debug|x86.ActiveCfg = Debug|x86
		{55EFE9B6-BC7B-4386-8762-A1816CDE4AC5}.Debug|x86.Build.0 = Debug|x86
		{55EFE9B6-BC7B-4386-8762-A1816CDE4AC5}.Debug|x86.Deploy.0 = Debug|x86
		{55EFE9B6-BC7B-4386-8762-A1816CDE4AC5}.Release|Any CPU.ActiveCfg = Release|x64
		{55EFE9B6-BC7B-4386-8762-A1816CDE4AC5}.Release|Any CPU.Build.0 = Release|x64
		{55EFE9B6-BC7B-4386-8762-A1816CDE4AC5}.Release|Any CPU.Deploy.0 = Release|x64
		{55EFE9B6-BC7B-4386-8762-A1816CDE4AC5}.Release|arm64.ActiveCfg = Release|arm64
		{55EFE9B6-BC7B-4386-8762-A1816CDE4AC5}.Release|arm64.Build.0 = Release|arm64
		{55EFE9B6-BC7B-4386-8762-A1816CDE4AC5}.Release|arm64.Deploy.0 = Release|arm64
		{55EFE9B6-BC7B-4386-8762-A1816CDE4AC5}.Release|x64.ActiveCfg = Release|x64
		{55EFE9B6-BC7B-4386-8762-A1816CDE4AC5}.Release|x64.Build.0 = Release|x64
		{55EFE9B6-BC7B-4386-8762-A1816CDE4AC5}.Release|x64.Deploy.0 = Release|x64
		{55EFE9B6-BC7B-4386-8762-A1816CDE4AC5}.Release|x86.ActiveCfg = Release|x86
		{55EFE9B6-BC7B-4386-8762-A1816CDE4AC5}.Release|x86.Build.0 = Release|x86
		{55EFE9B6-BC7B-4386-8762-A1816CDE4AC5}.Release|x86.Deploy.0 = Release|x86
	EndGlobalSection
	GlobalSection(SolutionProperties) = preSolution
		HideSolutionNode = FALSE
	EndGlobalSection
	GlobalSection(ExtensibilityGlobals) = postSolution
		SolutionGuid = {EACD563F-A195-4477-80B4-F4279C32C93C}
	EndGlobalSection
EndGlobal
